
Microsoft Visual Studio Solution File, Format Version 12.00
# Visual Studio Version 17
VisualStudioVersion = 17.6.33513.286
MinimumVisualStudioVersion = 10.0.40219.1
Project("{2150E333-8FDC-42A3-9474-1A3956D46DE8}") = "src", "src", "{5EB348A2-7CF8-42A0-9C6E-C92AEA358E9B}"
EndProject
Project("{9A19103F-16F7-4668-BE54-9A1E7A4F7556}") = "E-SHOP.Domain", "E-SHOP.Domain\E-SHOP.Domain.csproj", "{3A0D45E5-4F8C-4C9D-B676-17209481A474}"
EndProject
Project("{9A19103F-16F7-4668-BE54-9A1E7A4F7556}") = "E-SHOP.Application", "E-SHOP.Application\E-SHOP.Application.csproj", "{70FAC396-CEC5-4461-8125-58CAC192E8BE}"
EndProject
Project("{9A19103F-16F7-4668-BE54-9A1E7A4F7556}") = "E-SHOP.Infrastructure", "E-SHOP.Infrastructure\E-SHOP.Infrastructure.csproj", "{EC0F727D-02AB-4D63-AF23-56EC4652B968}"
EndProject
Project("{FAE04EC0-301F-11D3-BF4B-00C04F79EFBC}") = "E-SHOP.UI", "E-SHOP.UI\E-SHOP.UI.csproj", "{3B3F61A4-1775-478D-BE85-3DF9DA81FC8C}"
EndProject
Global
	GlobalSection(SolutionConfigurationPlatforms) = preSolution
		Debug|Any CPU = Debug|Any CPU
		Release|Any CPU = Release|Any CPU
	EndGlobalSection
	GlobalSection(ProjectConfigurationPlatforms) = postSolution
		{3A0D45E5-4F8C-4C9D-B676-17209481A474}.Debug|Any CPU.ActiveCfg = Debug|Any CPU
		{3A0D45E5-4F8C-4C9D-B676-17209481A474}.Debug|Any CPU.Build.0 = Debug|Any CPU
		{3A0D45E5-4F8C-4C9D-B676-17209481A474}.Release|Any CPU.ActiveCfg = Release|Any CPU
		{3A0D45E5-4F8C-4C9D-B676-17209481A474}.Release|Any CPU.Build.0 = Release|Any CPU
		{70FAC396-CEC5-4461-8125-58CAC192E8BE}.Debug|Any CPU.ActiveCfg = Debug|Any CPU
		{70FAC396-CEC5-4461-8125-58CAC192E8BE}.Debug|Any CPU.Build.0 = Debug|Any CPU
		{70FAC396-CEC5-4461-8125-58CAC192E8BE}.Release|Any CPU.ActiveCfg = Release|Any CPU
		{70FAC396-CEC5-4461-8125-58CAC192E8BE}.Release|Any CPU.Build.0 = Release|Any CPU
		{EC0F727D-02AB-4D63-AF23-56EC4652B968}.Debug|Any CPU.ActiveCfg = Debug|Any CPU
		{EC0F727D-02AB-4D63-AF23-56EC4652B968}.Debug|Any CPU.Build.0 = Debug|Any CPU
		{EC0F727D-02AB-4D63-AF23-56EC4652B968}.Release|Any CPU.ActiveCfg = Release|Any CPU
		{EC0F727D-02AB-4D63-AF23-56EC4652B968}.Release|Any CPU.Build.0 = Release|Any CPU
		{3B3F61A4-1775-478D-BE85-3DF9DA81FC8C}.Debug|Any CPU.ActiveCfg = Debug|Any CPU
		{3B3F61A4-1775-478D-BE85-3DF9DA81FC8C}.Debug|Any CPU.Build.0 = Debug|Any CPU
		{3B3F61A4-1775-478D-BE85-3DF9DA81FC8C}.Release|Any CPU.ActiveCfg = Release|Any CPU
		{3B3F61A4-1775-478D-BE85-3DF9DA81FC8C}.Release|Any CPU.Build.0 = Release|Any CPU
	EndGlobalSection
	GlobalSection(SolutionProperties) = preSolution
		HideSolutionNode = FALSE
	EndGlobalSection
	GlobalSection(NestedProjects) = preSolution
		{3A0D45E5-4F8C-4C9D-B676-17209481A474} = {5EB348A2-7CF8-42A0-9C6E-C92AEA358E9B}
		{70FAC396-CEC5-4461-8125-58CAC192E8BE} = {5EB348A2-7CF8-42A0-9C6E-C92AEA358E9B}
		{EC0F727D-02AB-4D63-AF23-56EC4652B968} = {5EB348A2-7CF8-42A0-9C6E-C92AEA358E9B}
		{3B3F61A4-1775-478D-BE85-3DF9DA81FC8C} = {5EB348A2-7CF8-42A0-9C6E-C92AEA358E9B}
	EndGlobalSection
	GlobalSection(ExtensibilityGlobals) = postSolution
		SolutionGuid = {3167B07B-B165-4BE2-A10B-7080DF48B87D}
	EndGlobalSection
EndGlobal
